
Microsoft Visual Studio Solution File, Format Version 12.00
# Visual Studio 15
VisualStudioVersion = 15.0.27130.2036
MinimumVisualStudioVersion = 10.0.40219.1
Project("{FAE04EC0-301F-11D3-BF4B-00C04F79EFBC}") = "BindingForm", "BindingForm\BindingForm.csproj", "{68FCC773-D000-407B-B2D9-E61DDCE21CD7}"
EndProject
Global
	GlobalSection(SolutionConfigurationPlatforms) = preSolution
		Debug|Any CPU = Debug|Any CPU
		Release|Any CPU = Release|Any CPU
	EndGlobalSection
	GlobalSection(ProjectConfigurationPlatforms) = postSolution
		{68FCC773-D000-407B-B2D9-E61DDCE21CD7}.Debug|Any CPU.ActiveCfg = Debug|Any CPU
		{68FCC773-D000-407B-B2D9-E61DDCE21CD7}.Debug|Any CPU.Build.0 = Debug|Any CPU
		{68FCC773-D000-407B-B2D9-E61DDCE21CD7}.Release|Any CPU.ActiveCfg = Release|Any CPU
		{68FCC773-D000-407B-B2D9-E61DDCE21CD7}.Release|Any CPU.Build.0 = Release|Any CPU
	EndGlobalSection
	GlobalSection(SolutionProperties) = preSolution
		HideSolutionNode = FALSE
	EndGlobalSection
	GlobalSection(ExtensibilityGlobals) = postSolution
		SolutionGuid = {56E5D89B-C2A6-4A35-8512-C7AD3764E655}
	EndGlobalSection
EndGlobal
