
Microsoft Visual Studio Solution File, Format Version 12.00
# Visual Studio 15
VisualStudioVersion = 15.0.26730.12
MinimumVisualStudioVersion = 10.0.40219.1
Project("{FAE04EC0-301F-11D3-BF4B-00C04F79EFBC}") = "test_auto", "test_auto\test_auto.csproj", "{19FF512D-BB2D-42DF-9A3E-0C38C598BC8D}"
EndProject
Global
	GlobalSection(SolutionConfigurationPlatforms) = preSolution
		Debug|Any CPU = Debug|Any CPU
		Release|Any CPU = Release|Any CPU
	EndGlobalSection
	GlobalSection(ProjectConfigurationPlatforms) = postSolution
		{19FF512D-BB2D-42DF-9A3E-0C38C598BC8D}.Debug|Any CPU.ActiveCfg = Debug|Any CPU
		{19FF512D-BB2D-42DF-9A3E-0C38C598BC8D}.Debug|Any CPU.Build.0 = Debug|Any CPU
		{19FF512D-BB2D-42DF-9A3E-0C38C598BC8D}.Release|Any CPU.ActiveCfg = Release|Any CPU
		{19FF512D-BB2D-42DF-9A3E-0C38C598BC8D}.Release|Any CPU.Build.0 = Release|Any CPU
	EndGlobalSection
	GlobalSection(SolutionProperties) = preSolution
		HideSolutionNode = FALSE
	EndGlobalSection
	GlobalSection(ExtensibilityGlobals) = postSolution
		SolutionGuid = {6EB44A1B-9E7C-4AF6-9012-398A99658127}
	EndGlobalSection
EndGlobal
