
Microsoft Visual Studio Solution File, Format Version 12.00
# Visual Studio 15
VisualStudioVersion = 15.0.27130.2036
MinimumVisualStudioVersion = 10.0.40219.1
Project("{FAE04EC0-301F-11D3-BF4B-00C04F79EFBC}") = "TrayIcon", "TrayIcon\TrayIcon.csproj", "{04DB38BF-1D8E-4D6A-ABAE-A7751D38001F}"
EndProject
Global
	GlobalSection(SolutionConfigurationPlatforms) = preSolution
		Debug|Any CPU = Debug|Any CPU
		Release|Any CPU = Release|Any CPU
	EndGlobalSection
	GlobalSection(ProjectConfigurationPlatforms) = postSolution
		{04DB38BF-1D8E-4D6A-ABAE-A7751D38001F}.Debug|Any CPU.ActiveCfg = Debug|Any CPU
		{04DB38BF-1D8E-4D6A-ABAE-A7751D38001F}.Debug|Any CPU.Build.0 = Debug|Any CPU
		{04DB38BF-1D8E-4D6A-ABAE-A7751D38001F}.Release|Any CPU.ActiveCfg = Release|Any CPU
		{04DB38BF-1D8E-4D6A-ABAE-A7751D38001F}.Release|Any CPU.Build.0 = Release|Any CPU
	EndGlobalSection
	GlobalSection(SolutionProperties) = preSolution
		HideSolutionNode = FALSE
	EndGlobalSection
	GlobalSection(ExtensibilityGlobals) = postSolution
		SolutionGuid = {FECE54A6-A138-49EB-BF8B-3FCB6EA25AA8}
	EndGlobalSection
EndGlobal
