
Microsoft Visual Studio Solution File, Format Version 12.00
# Visual Studio 15
VisualStudioVersion = 15.0.26730.12
MinimumVisualStudioVersion = 10.0.40219.1
Project("{FAE04EC0-301F-11D3-BF4B-00C04F79EFBC}") = "draganddrop", "draganddrop\draganddrop.csproj", "{F88286F1-C60A-48B2-91F4-96159A414C93}"
EndProject
Global
	GlobalSection(SolutionConfigurationPlatforms) = preSolution
		Debug|Any CPU = Debug|Any CPU
		Release|Any CPU = Release|Any CPU
	EndGlobalSection
	GlobalSection(ProjectConfigurationPlatforms) = postSolution
		{F88286F1-C60A-48B2-91F4-96159A414C93}.Debug|Any CPU.ActiveCfg = Debug|Any CPU
		{F88286F1-C60A-48B2-91F4-96159A414C93}.Debug|Any CPU.Build.0 = Debug|Any CPU
		{F88286F1-C60A-48B2-91F4-96159A414C93}.Release|Any CPU.ActiveCfg = Release|Any CPU
		{F88286F1-C60A-48B2-91F4-96159A414C93}.Release|Any CPU.Build.0 = Release|Any CPU
	EndGlobalSection
	GlobalSection(SolutionProperties) = preSolution
		HideSolutionNode = FALSE
	EndGlobalSection
	GlobalSection(ExtensibilityGlobals) = postSolution
		SolutionGuid = {A81ED424-7204-4A3C-BF9D-1A5CB3CC844B}
	EndGlobalSection
EndGlobal
