
Microsoft Visual Studio Solution File, Format Version 12.00
# Visual Studio 15
VisualStudioVersion = 15.0.26730.12
MinimumVisualStudioVersion = 10.0.40219.1
Project("{FAE04EC0-301F-11D3-BF4B-00C04F79EFBC}") = "Control", "Control\Control.csproj", "{F49D5573-FC61-480E-9A1D-D757E326FA08}"
EndProject
Global
	GlobalSection(SolutionConfigurationPlatforms) = preSolution
		Debug|Any CPU = Debug|Any CPU
		Release|Any CPU = Release|Any CPU
	EndGlobalSection
	GlobalSection(ProjectConfigurationPlatforms) = postSolution
		{F49D5573-FC61-480E-9A1D-D757E326FA08}.Debug|Any CPU.ActiveCfg = Debug|Any CPU
		{F49D5573-FC61-480E-9A1D-D757E326FA08}.Debug|Any CPU.Build.0 = Debug|Any CPU
		{F49D5573-FC61-480E-9A1D-D757E326FA08}.Release|Any CPU.ActiveCfg = Release|Any CPU
		{F49D5573-FC61-480E-9A1D-D757E326FA08}.Release|Any CPU.Build.0 = Release|Any CPU
	EndGlobalSection
	GlobalSection(SolutionProperties) = preSolution
		HideSolutionNode = FALSE
	EndGlobalSection
	GlobalSection(ExtensibilityGlobals) = postSolution
		SolutionGuid = {3D215A48-295B-461E-B566-D3CD5001C007}
	EndGlobalSection
EndGlobal
