
Microsoft Visual Studio Solution File, Format Version 12.00
# Visual Studio 15
VisualStudioVersion = 15.0.26730.12
MinimumVisualStudioVersion = 10.0.40219.1
Project("{FAE04EC0-301F-11D3-BF4B-00C04F79EFBC}") = "WpfApp1", "WpfApp1\WpfApp1.csproj", "{453F0F09-CF15-44E2-9D47-29F603BC023D}"
EndProject
Global
	GlobalSection(SolutionConfigurationPlatforms) = preSolution
		Debug|Any CPU = Debug|Any CPU
		Release|Any CPU = Release|Any CPU
	EndGlobalSection
	GlobalSection(ProjectConfigurationPlatforms) = postSolution
		{453F0F09-CF15-44E2-9D47-29F603BC023D}.Debug|Any CPU.ActiveCfg = Debug|Any CPU
		{453F0F09-CF15-44E2-9D47-29F603BC023D}.Debug|Any CPU.Build.0 = Debug|Any CPU
		{453F0F09-CF15-44E2-9D47-29F603BC023D}.Release|Any CPU.ActiveCfg = Release|Any CPU
		{453F0F09-CF15-44E2-9D47-29F603BC023D}.Release|Any CPU.Build.0 = Release|Any CPU
	EndGlobalSection
	GlobalSection(SolutionProperties) = preSolution
		HideSolutionNode = FALSE
	EndGlobalSection
	GlobalSection(ExtensibilityGlobals) = postSolution
		SolutionGuid = {64CB89A9-B4CD-4B26-A051-5F72250FA418}
	EndGlobalSection
EndGlobal
