
Microsoft Visual Studio Solution File, Format Version 12.00
# Visual Studio 15
VisualStudioVersion = 15.0.27130.2010
MinimumVisualStudioVersion = 10.0.40219.1
Project("{FAE04EC0-301F-11D3-BF4B-00C04F79EFBC}") = "ToDoList.Android", "ToDoList\ToDoList.Android\ToDoList.Android.csproj", "{D3E5E9B3-2920-411F-AF59-8E372CBBF1BD}"
EndProject
Project("{FAE04EC0-301F-11D3-BF4B-00C04F79EFBC}") = "ToDoList.iOS", "ToDoList\ToDoList.iOS\ToDoList.iOS.csproj", "{FA0F7B64-3E36-4CA6-9D7B-9F1DEFA6688E}"
EndProject
Project("{FAE04EC0-301F-11D3-BF4B-00C04F79EFBC}") = "ToDoList.UWP", "ToDoList\ToDoList.UWP\ToDoList.UWP.csproj", "{0558F013-AC74-4AD5-959B-E1CD3A2A6F5D}"
EndProject
Project("{FAE04EC0-301F-11D3-BF4B-00C04F79EFBC}") = "ToDoList", "ToDoList\ToDoList\ToDoList.csproj", "{81E1E464-FF32-479A-81A6-4D838D717CE7}"
EndProject
Global
	GlobalSection(SolutionConfigurationPlatforms) = preSolution
		Ad-Hoc|Any CPU = Ad-Hoc|Any CPU
		Ad-Hoc|ARM = Ad-Hoc|ARM
		Ad-Hoc|iPhone = Ad-Hoc|iPhone
		Ad-Hoc|iPhoneSimulator = Ad-Hoc|iPhoneSimulator
		Ad-Hoc|x64 = Ad-Hoc|x64
		Ad-Hoc|x86 = Ad-Hoc|x86
		AppStore|Any CPU = AppStore|Any CPU
		AppStore|ARM = AppStore|ARM
		AppStore|iPhone = AppStore|iPhone
		AppStore|iPhoneSimulator = AppStore|iPhoneSimulator
		AppStore|x64 = AppStore|x64
		AppStore|x86 = AppStore|x86
		Debug|Any CPU = Debug|Any CPU
		Debug|ARM = Debug|ARM
		Debug|iPhone = Debug|iPhone
		Debug|iPhoneSimulator = Debug|iPhoneSimulator
		Debug|x64 = Debug|x64
		Debug|x86 = Debug|x86
		Release|Any CPU = Release|Any CPU
		Release|ARM = Release|ARM
		Release|iPhone = Release|iPhone
		Release|iPhoneSimulator = Release|iPhoneSimulator
		Release|x64 = Release|x64
		Release|x86 = Release|x86
	EndGlobalSection
	GlobalSection(ProjectConfigurationPlatforms) = postSolution
		{D3E5E9B3-2920-411F-AF59-8E372CBBF1BD}.Ad-Hoc|Any CPU.ActiveCfg = Release|Any CPU
		{D3E5E9B3-2920-411F-AF59-8E372CBBF1BD}.Ad-Hoc|Any CPU.Build.0 = Release|Any CPU
		{D3E5E9B3-2920-411F-AF59-8E372CBBF1BD}.Ad-Hoc|Any CPU.Deploy.0 = Release|Any CPU
		{D3E5E9B3-2920-411F-AF59-8E372CBBF1BD}.Ad-Hoc|ARM.ActiveCfg = Release|Any CPU
		{D3E5E9B3-2920-411F-AF59-8E372CBBF1BD}.Ad-Hoc|ARM.Build.0 = Release|Any CPU
		{D3E5E9B3-2920-411F-AF59-8E372CBBF1BD}.Ad-Hoc|ARM.Deploy.0 = Release|Any CPU
		{D3E5E9B3-2920-411F-AF59-8E372CBBF1BD}.Ad-Hoc|iPhone.ActiveCfg = Release|Any CPU
		{D3E5E9B3-2920-411F-AF59-8E372CBBF1BD}.Ad-Hoc|iPhone.Build.0 = Release|Any CPU
		{D3E5E9B3-2920-411F-AF59-8E372CBBF1BD}.Ad-Hoc|iPhone.Deploy.0 = Release|Any CPU
		{D3E5E9B3-2920-411F-AF59-8E372CBBF1BD}.Ad-Hoc|iPhoneSimulator.ActiveCfg = Release|Any CPU
		{D3E5E9B3-2920-411F-AF59-8E372CBBF1BD}.Ad-Hoc|iPhoneSimulator.Build.0 = Release|Any CPU
		{D3E5E9B3-2920-411F-AF59-8E372CBBF1BD}.Ad-Hoc|iPhoneSimulator.Deploy.0 = Release|Any CPU
		{D3E5E9B3-2920-411F-AF59-8E372CBBF1BD}.Ad-Hoc|x64.ActiveCfg = Release|Any CPU
		{D3E5E9B3-2920-411F-AF59-8E372CBBF1BD}.Ad-Hoc|x64.Build.0 = Release|Any CPU
		{D3E5E9B3-2920-411F-AF59-8E372CBBF1BD}.Ad-Hoc|x64.Deploy.0 = Release|Any CPU
		{D3E5E9B3-2920-411F-AF59-8E372CBBF1BD}.Ad-Hoc|x86.ActiveCfg = Release|Any CPU
		{D3E5E9B3-2920-411F-AF59-8E372CBBF1BD}.Ad-Hoc|x86.Build.0 = Release|Any CPU
		{D3E5E9B3-2920-411F-AF59-8E372CBBF1BD}.Ad-Hoc|x86.Deploy.0 = Release|Any CPU
		{D3E5E9B3-2920-411F-AF59-8E372CBBF1BD}.AppStore|Any CPU.ActiveCfg = Release|Any CPU
		{D3E5E9B3-2920-411F-AF59-8E372CBBF1BD}.AppStore|Any CPU.Build.0 = Release|Any CPU
		{D3E5E9B3-2920-411F-AF59-8E372CBBF1BD}.AppStore|Any CPU.Deploy.0 = Release|Any CPU
		{D3E5E9B3-2920-411F-AF59-8E372CBBF1BD}.AppStore|ARM.ActiveCfg = Release|Any CPU
		{D3E5E9B3-2920-411F-AF59-8E372CBBF1BD}.AppStore|ARM.Build.0 = Release|Any CPU
		{D3E5E9B3-2920-411F-AF59-8E372CBBF1BD}.AppStore|ARM.Deploy.0 = Release|Any CPU
		{D3E5E9B3-2920-411F-AF59-8E372CBBF1BD}.AppStore|iPhone.ActiveCfg = Release|Any CPU
		{D3E5E9B3-2920-411F-AF59-8E372CBBF1BD}.AppStore|iPhone.Build.0 = Release|Any CPU
		{D3E5E9B3-2920-411F-AF59-8E372CBBF1BD}.AppStore|iPhone.Deploy.0 = Release|Any CPU
		{D3E5E9B3-2920-411F-AF59-8E372CBBF1BD}.AppStore|iPhoneSimulator.ActiveCfg = Release|Any CPU
		{D3E5E9B3-2920-411F-AF59-8E372CBBF1BD}.AppStore|iPhoneSimulator.Build.0 = Release|Any CPU
		{D3E5E9B3-2920-411F-AF59-8E372CBBF1BD}.AppStore|iPhoneSimulator.Deploy.0 = Release|Any CPU
		{D3E5E9B3-2920-411F-AF59-8E372CBBF1BD}.AppStore|x64.ActiveCfg = Release|Any CPU
		{D3E5E9B3-2920-411F-AF59-8E372CBBF1BD}.AppStore|x64.Build.0 = Release|Any CPU
		{D3E5E9B3-2920-411F-AF59-8E372CBBF1BD}.AppStore|x64.Deploy.0 = Release|Any CPU
		{D3E5E9B3-2920-411F-AF59-8E372CBBF1BD}.AppStore|x86.ActiveCfg = Release|Any CPU
		{D3E5E9B3-2920-411F-AF59-8E372CBBF1BD}.AppStore|x86.Build.0 = Release|Any CPU
		{D3E5E9B3-2920-411F-AF59-8E372CBBF1BD}.AppStore|x86.Deploy.0 = Release|Any CPU
		{D3E5E9B3-2920-411F-AF59-8E372CBBF1BD}.Debug|Any CPU.ActiveCfg = Debug|Any CPU
		{D3E5E9B3-2920-411F-AF59-8E372CBBF1BD}.Debug|Any CPU.Build.0 = Debug|Any CPU
		{D3E5E9B3-2920-411F-AF59-8E372CBBF1BD}.Debug|Any CPU.Deploy.0 = Debug|Any CPU
		{D3E5E9B3-2920-411F-AF59-8E372CBBF1BD}.Debug|ARM.ActiveCfg = Debug|Any CPU
		{D3E5E9B3-2920-411F-AF59-8E372CBBF1BD}.Debug|ARM.Build.0 = Debug|Any CPU
		{D3E5E9B3-2920-411F-AF59-8E372CBBF1BD}.Debug|ARM.Deploy.0 = Debug|Any CPU
		{D3E5E9B3-2920-411F-AF59-8E372CBBF1BD}.Debug|iPhone.ActiveCfg = Debug|Any CPU
		{D3E5E9B3-2920-411F-AF59-8E372CBBF1BD}.Debug|iPhone.Build.0 = Debug|Any CPU
		{D3E5E9B3-2920-411F-AF59-8E372CBBF1BD}.Debug|iPhone.Deploy.0 = Debug|Any CPU
		{D3E5E9B3-2920-411F-AF59-8E372CBBF1BD}.Debug|iPhoneSimulator.ActiveCfg = Debug|Any CPU
		{D3E5E9B3-2920-411F-AF59-8E372CBBF1BD}.Debug|iPhoneSimulator.Build.0 = Debug|Any CPU
		{D3E5E9B3-2920-411F-AF59-8E372CBBF1BD}.Debug|iPhoneSimulator.Deploy.0 = Debug|Any CPU
		{D3E5E9B3-2920-411F-AF59-8E372CBBF1BD}.Debug|x64.ActiveCfg = Debug|Any CPU
		{D3E5E9B3-2920-411F-AF59-8E372CBBF1BD}.Debug|x64.Build.0 = Debug|Any CPU
		{D3E5E9B3-2920-411F-AF59-8E372CBBF1BD}.Debug|x64.Deploy.0 = Debug|Any CPU
		{D3E5E9B3-2920-411F-AF59-8E372CBBF1BD}.Debug|x86.ActiveCfg = Debug|Any CPU
		{D3E5E9B3-2920-411F-AF59-8E372CBBF1BD}.Debug|x86.Build.0 = Debug|Any CPU
		{D3E5E9B3-2920-411F-AF59-8E372CBBF1BD}.Debug|x86.Deploy.0 = Debug|Any CPU
		{D3E5E9B3-2920-411F-AF59-8E372CBBF1BD}.Release|Any CPU.ActiveCfg = Release|Any CPU
		{D3E5E9B3-2920-411F-AF59-8E372CBBF1BD}.Release|Any CPU.Build.0 = Release|Any CPU
		{D3E5E9B3-2920-411F-AF59-8E372CBBF1BD}.Release|Any CPU.Deploy.0 = Release|Any CPU
		{D3E5E9B3-2920-411F-AF59-8E372CBBF1BD}.Release|ARM.ActiveCfg = Release|Any CPU
		{D3E5E9B3-2920-411F-AF59-8E372CBBF1BD}.Release|ARM.Build.0 = Release|Any CPU
		{D3E5E9B3-2920-411F-AF59-8E372CBBF1BD}.Release|ARM.Deploy.0 = Release|Any CPU
		{D3E5E9B3-2920-411F-AF59-8E372CBBF1BD}.Release|iPhone.ActiveCfg = Release|Any CPU
		{D3E5E9B3-2920-411F-AF59-8E372CBBF1BD}.Release|iPhone.Build.0 = Release|Any CPU
		{D3E5E9B3-2920-411F-AF59-8E372CBBF1BD}.Release|iPhone.Deploy.0 = Release|Any CPU
		{D3E5E9B3-2920-411F-AF59-8E372CBBF1BD}.Release|iPhoneSimulator.ActiveCfg = Release|Any CPU
		{D3E5E9B3-2920-411F-AF59-8E372CBBF1BD}.Release|iPhoneSimulator.Build.0 = Release|Any CPU
		{D3E5E9B3-2920-411F-AF59-8E372CBBF1BD}.Release|iPhoneSimulator.Deploy.0 = Release|Any CPU
		{D3E5E9B3-2920-411F-AF59-8E372CBBF1BD}.Release|x64.ActiveCfg = Release|Any CPU
		{D3E5E9B3-2920-411F-AF59-8E372CBBF1BD}.Release|x64.Build.0 = Release|Any CPU
		{D3E5E9B3-2920-411F-AF59-8E372CBBF1BD}.Release|x64.Deploy.0 = Release|Any CPU
		{D3E5E9B3-2920-411F-AF59-8E372CBBF1BD}.Release|x86.ActiveCfg = Release|Any CPU
		{D3E5E9B3-2920-411F-AF59-8E372CBBF1BD}.Release|x86.Build.0 = Release|Any CPU
		{D3E5E9B3-2920-411F-AF59-8E372CBBF1BD}.Release|x86.Deploy.0 = Release|Any CPU
		{FA0F7B64-3E36-4CA6-9D7B-9F1DEFA6688E}.Ad-Hoc|Any CPU.ActiveCfg = Ad-Hoc|iPhone
		{FA0F7B64-3E36-4CA6-9D7B-9F1DEFA6688E}.Ad-Hoc|ARM.ActiveCfg = Ad-Hoc|iPhone
		{FA0F7B64-3E36-4CA6-9D7B-9F1DEFA6688E}.Ad-Hoc|iPhone.ActiveCfg = Ad-Hoc|iPhone
		{FA0F7B64-3E36-4CA6-9D7B-9F1DEFA6688E}.Ad-Hoc|iPhone.Build.0 = Ad-Hoc|iPhone
		{FA0F7B64-3E36-4CA6-9D7B-9F1DEFA6688E}.Ad-Hoc|iPhoneSimulator.ActiveCfg = Ad-Hoc|iPhoneSimulator
		{FA0F7B64-3E36-4CA6-9D7B-9F1DEFA6688E}.Ad-Hoc|iPhoneSimulator.Build.0 = Ad-Hoc|iPhoneSimulator
		{FA0F7B64-3E36-4CA6-9D7B-9F1DEFA6688E}.Ad-Hoc|x64.ActiveCfg = Ad-Hoc|iPhone
		{FA0F7B64-3E36-4CA6-9D7B-9F1DEFA6688E}.Ad-Hoc|x86.ActiveCfg = Ad-Hoc|iPhone
		{FA0F7B64-3E36-4CA6-9D7B-9F1DEFA6688E}.AppStore|Any CPU.ActiveCfg = AppStore|iPhone
		{FA0F7B64-3E36-4CA6-9D7B-9F1DEFA6688E}.AppStore|ARM.ActiveCfg = AppStore|iPhone
		{FA0F7B64-3E36-4CA6-9D7B-9F1DEFA6688E}.AppStore|iPhone.ActiveCfg = AppStore|iPhone
		{FA0F7B64-3E36-4CA6-9D7B-9F1DEFA6688E}.AppStore|iPhone.Build.0 = AppStore|iPhone
		{FA0F7B64-3E36-4CA6-9D7B-9F1DEFA6688E}.AppStore|iPhoneSimulator.ActiveCfg = AppStore|iPhoneSimulator
		{FA0F7B64-3E36-4CA6-9D7B-9F1DEFA6688E}.AppStore|iPhoneSimulator.Build.0 = AppStore|iPhoneSimulator
		{FA0F7B64-3E36-4CA6-9D7B-9F1DEFA6688E}.AppStore|x64.ActiveCfg = AppStore|iPhone
		{FA0F7B64-3E36-4CA6-9D7B-9F1DEFA6688E}.AppStore|x86.ActiveCfg = AppStore|iPhone
		{FA0F7B64-3E36-4CA6-9D7B-9F1DEFA6688E}.Debug|Any CPU.ActiveCfg = Debug|iPhone
		{FA0F7B64-3E36-4CA6-9D7B-9F1DEFA6688E}.Debug|ARM.ActiveCfg = Debug|iPhone
		{FA0F7B64-3E36-4CA6-9D7B-9F1DEFA6688E}.Debug|iPhone.ActiveCfg = Debug|iPhone
		{FA0F7B64-3E36-4CA6-9D7B-9F1DEFA6688E}.Debug|iPhone.Build.0 = Debug|iPhone
		{FA0F7B64-3E36-4CA6-9D7B-9F1DEFA6688E}.Debug|iPhoneSimulator.ActiveCfg = Debug|iPhoneSimulator
		{FA0F7B64-3E36-4CA6-9D7B-9F1DEFA6688E}.Debug|iPhoneSimulator.Build.0 = Debug|iPhoneSimulator
		{FA0F7B64-3E36-4CA6-9D7B-9F1DEFA6688E}.Debug|x64.ActiveCfg = Debug|iPhone
		{FA0F7B64-3E36-4CA6-9D7B-9F1DEFA6688E}.Debug|x86.ActiveCfg = Debug|iPhone
		{FA0F7B64-3E36-4CA6-9D7B-9F1DEFA6688E}.Release|Any CPU.ActiveCfg = Release|iPhone
		{FA0F7B64-3E36-4CA6-9D7B-9F1DEFA6688E}.Release|ARM.ActiveCfg = Release|iPhone
		{FA0F7B64-3E36-4CA6-9D7B-9F1DEFA6688E}.Release|iPhone.ActiveCfg = Release|iPhone
		{FA0F7B64-3E36-4CA6-9D7B-9F1DEFA6688E}.Release|iPhone.Build.0 = Release|iPhone
		{FA0F7B64-3E36-4CA6-9D7B-9F1DEFA6688E}.Release|iPhoneSimulator.ActiveCfg = Release|iPhoneSimulator
		{FA0F7B64-3E36-4CA6-9D7B-9F1DEFA6688E}.Release|iPhoneSimulator.Build.0 = Release|iPhoneSimulator
		{FA0F7B64-3E36-4CA6-9D7B-9F1DEFA6688E}.Release|x64.ActiveCfg = Release|iPhone
		{FA0F7B64-3E36-4CA6-9D7B-9F1DEFA6688E}.Release|x86.ActiveCfg = Release|iPhone
		{0558F013-AC74-4AD5-959B-E1CD3A2A6F5D}.Ad-Hoc|Any CPU.ActiveCfg = Release|x86
		{0558F013-AC74-4AD5-959B-E1CD3A2A6F5D}.Ad-Hoc|Any CPU.Build.0 = Release|x86
		{0558F013-AC74-4AD5-959B-E1CD3A2A6F5D}.Ad-Hoc|Any CPU.Deploy.0 = Release|x86
		{0558F013-AC74-4AD5-959B-E1CD3A2A6F5D}.Ad-Hoc|ARM.ActiveCfg = Release|ARM
		{0558F013-AC74-4AD5-959B-E1CD3A2A6F5D}.Ad-Hoc|ARM.Build.0 = Release|ARM
		{0558F013-AC74-4AD5-959B-E1CD3A2A6F5D}.Ad-Hoc|ARM.Deploy.0 = Release|ARM
		{0558F013-AC74-4AD5-959B-E1CD3A2A6F5D}.Ad-Hoc|iPhone.ActiveCfg = Release|x86
		{0558F013-AC74-4AD5-959B-E1CD3A2A6F5D}.Ad-Hoc|iPhone.Build.0 = Release|x86
		{0558F013-AC74-4AD5-959B-E1CD3A2A6F5D}.Ad-Hoc|iPhone.Deploy.0 = Release|x86
		{0558F013-AC74-4AD5-959B-E1CD3A2A6F5D}.Ad-Hoc|iPhoneSimulator.ActiveCfg = Release|x86
		{0558F013-AC74-4AD5-959B-E1CD3A2A6F5D}.Ad-Hoc|iPhoneSimulator.Build.0 = Release|x86
		{0558F013-AC74-4AD5-959B-E1CD3A2A6F5D}.Ad-Hoc|iPhoneSimulator.Deploy.0 = Release|x86
		{0558F013-AC74-4AD5-959B-E1CD3A2A6F5D}.Ad-Hoc|x64.ActiveCfg = Release|x64
		{0558F013-AC74-4AD5-959B-E1CD3A2A6F5D}.Ad-Hoc|x64.Build.0 = Release|x64
		{0558F013-AC74-4AD5-959B-E1CD3A2A6F5D}.Ad-Hoc|x64.Deploy.0 = Release|x64
		{0558F013-AC74-4AD5-959B-E1CD3A2A6F5D}.Ad-Hoc|x86.ActiveCfg = Release|x86
		{0558F013-AC74-4AD5-959B-E1CD3A2A6F5D}.Ad-Hoc|x86.Build.0 = Release|x86
		{0558F013-AC74-4AD5-959B-E1CD3A2A6F5D}.Ad-Hoc|x86.Deploy.0 = Release|x86
		{0558F013-AC74-4AD5-959B-E1CD3A2A6F5D}.AppStore|Any CPU.ActiveCfg = Release|x86
		{0558F013-AC74-4AD5-959B-E1CD3A2A6F5D}.AppStore|Any CPU.Build.0 = Release|x86
		{0558F013-AC74-4AD5-959B-E1CD3A2A6F5D}.AppStore|Any CPU.Deploy.0 = Release|x86
		{0558F013-AC74-4AD5-959B-E1CD3A2A6F5D}.AppStore|ARM.ActiveCfg = Release|ARM
		{0558F013-AC74-4AD5-959B-E1CD3A2A6F5D}.AppStore|ARM.Build.0 = Release|ARM
		{0558F013-AC74-4AD5-959B-E1CD3A2A6F5D}.AppStore|ARM.Deploy.0 = Release|ARM
		{0558F013-AC74-4AD5-959B-E1CD3A2A6F5D}.AppStore|iPhone.ActiveCfg = Release|x86
		{0558F013-AC74-4AD5-959B-E1CD3A2A6F5D}.AppStore|iPhone.Build.0 = Release|x86
		{0558F013-AC74-4AD5-959B-E1CD3A2A6F5D}.AppStore|iPhone.Deploy.0 = Release|x86
		{0558F013-AC74-4AD5-959B-E1CD3A2A6F5D}.AppStore|iPhoneSimulator.ActiveCfg = Release|x86
		{0558F013-AC74-4AD5-959B-E1CD3A2A6F5D}.AppStore|iPhoneSimulator.Build.0 = Release|x86
		{0558F013-AC74-4AD5-959B-E1CD3A2A6F5D}.AppStore|iPhoneSimulator.Deploy.0 = Release|x86
		{0558F013-AC74-4AD5-959B-E1CD3A2A6F5D}.AppStore|x64.ActiveCfg = Release|x64
		{0558F013-AC74-4AD5-959B-E1CD3A2A6F5D}.AppStore|x64.Build.0 = Release|x64
		{0558F013-AC74-4AD5-959B-E1CD3A2A6F5D}.AppStore|x64.Deploy.0 = Release|x64
		{0558F013-AC74-4AD5-959B-E1CD3A2A6F5D}.AppStore|x86.ActiveCfg = Release|x86
		{0558F013-AC74-4AD5-959B-E1CD3A2A6F5D}.AppStore|x86.Build.0 = Release|x86
		{0558F013-AC74-4AD5-959B-E1CD3A2A6F5D}.AppStore|x86.Deploy.0 = Release|x86
		{0558F013-AC74-4AD5-959B-E1CD3A2A6F5D}.Debug|Any CPU.ActiveCfg = Debug|x86
		{0558F013-AC74-4AD5-959B-E1CD3A2A6F5D}.Debug|ARM.ActiveCfg = Debug|ARM
		{0558F013-AC74-4AD5-959B-E1CD3A2A6F5D}.Debug|ARM.Build.0 = Debug|ARM
		{0558F013-AC74-4AD5-959B-E1CD3A2A6F5D}.Debug|ARM.Deploy.0 = Debug|ARM
		{0558F013-AC74-4AD5-959B-E1CD3A2A6F5D}.Debug|iPhone.ActiveCfg = Debug|x86
		{0558F013-AC74-4AD5-959B-E1CD3A2A6F5D}.Debug|iPhoneSimulator.ActiveCfg = Debug|x86
		{0558F013-AC74-4AD5-959B-E1CD3A2A6F5D}.Debug|x64.ActiveCfg = Debug|x64
		{0558F013-AC74-4AD5-959B-E1CD3A2A6F5D}.Debug|x64.Build.0 = Debug|x64
		{0558F013-AC74-4AD5-959B-E1CD3A2A6F5D}.Debug|x64.Deploy.0 = Debug|x64
		{0558F013-AC74-4AD5-959B-E1CD3A2A6F5D}.Debug|x86.ActiveCfg = Debug|x86
		{0558F013-AC74-4AD5-959B-E1CD3A2A6F5D}.Debug|x86.Build.0 = Debug|x86
		{0558F013-AC74-4AD5-959B-E1CD3A2A6F5D}.Debug|x86.Deploy.0 = Debug|x86
		{0558F013-AC74-4AD5-959B-E1CD3A2A6F5D}.Release|Any CPU.ActiveCfg = Release|x86
		{0558F013-AC74-4AD5-959B-E1CD3A2A6F5D}.Release|ARM.ActiveCfg = Release|ARM
		{0558F013-AC74-4AD5-959B-E1CD3A2A6F5D}.Release|ARM.Build.0 = Release|ARM
		{0558F013-AC74-4AD5-959B-E1CD3A2A6F5D}.Release|ARM.Deploy.0 = Release|ARM
		{0558F013-AC74-4AD5-959B-E1CD3A2A6F5D}.Release|iPhone.ActiveCfg = Release|x86
		{0558F013-AC74-4AD5-959B-E1CD3A2A6F5D}.Release|iPhoneSimulator.ActiveCfg = Release|x86
		{0558F013-AC74-4AD5-959B-E1CD3A2A6F5D}.Release|x64.ActiveCfg = Release|x64
		{0558F013-AC74-4AD5-959B-E1CD3A2A6F5D}.Release|x64.Build.0 = Release|x64
		{0558F013-AC74-4AD5-959B-E1CD3A2A6F5D}.Release|x64.Deploy.0 = Release|x64
		{0558F013-AC74-4AD5-959B-E1CD3A2A6F5D}.Release|x86.ActiveCfg = Release|x86
		{0558F013-AC74-4AD5-959B-E1CD3A2A6F5D}.Release|x86.Build.0 = Release|x86
		{0558F013-AC74-4AD5-959B-E1CD3A2A6F5D}.Release|x86.Deploy.0 = Release|x86
		{81E1E464-FF32-479A-81A6-4D838D717CE7}.Ad-Hoc|Any CPU.ActiveCfg = Debug|Any CPU
		{81E1E464-FF32-479A-81A6-4D838D717CE7}.Ad-Hoc|Any CPU.Build.0 = Debug|Any CPU
		{81E1E464-FF32-479A-81A6-4D838D717CE7}.Ad-Hoc|ARM.ActiveCfg = Debug|Any CPU
		{81E1E464-FF32-479A-81A6-4D838D717CE7}.Ad-Hoc|ARM.Build.0 = Debug|Any CPU
		{81E1E464-FF32-479A-81A6-4D838D717CE7}.Ad-Hoc|iPhone.ActiveCfg = Debug|Any CPU
		{81E1E464-FF32-479A-81A6-4D838D717CE7}.Ad-Hoc|iPhone.Build.0 = Debug|Any CPU
		{81E1E464-FF32-479A-81A6-4D838D717CE7}.Ad-Hoc|iPhoneSimulator.ActiveCfg = Debug|Any CPU
		{81E1E464-FF32-479A-81A6-4D838D717CE7}.Ad-Hoc|iPhoneSimulator.Build.0 = Debug|Any CPU
		{81E1E464-FF32-479A-81A6-4D838D717CE7}.Ad-Hoc|x64.ActiveCfg = Debug|Any CPU
		{81E1E464-FF32-479A-81A6-4D838D717CE7}.Ad-Hoc|x64.Build.0 = Debug|Any CPU
		{81E1E464-FF32-479A-81A6-4D838D717CE7}.Ad-Hoc|x86.ActiveCfg = Debug|Any CPU
		{81E1E464-FF32-479A-81A6-4D838D717CE7}.Ad-Hoc|x86.Build.0 = Debug|Any CPU
		{81E1E464-FF32-479A-81A6-4D838D717CE7}.AppStore|Any CPU.ActiveCfg = Debug|Any CPU
		{81E1E464-FF32-479A-81A6-4D838D717CE7}.AppStore|Any CPU.Build.0 = Debug|Any CPU
		{81E1E464-FF32-479A-81A6-4D838D717CE7}.AppStore|ARM.ActiveCfg = Debug|Any CPU
		{81E1E464-FF32-479A-81A6-4D838D717CE7}.AppStore|ARM.Build.0 = Debug|Any CPU
		{81E1E464-FF32-479A-81A6-4D838D717CE7}.AppStore|iPhone.ActiveCfg = Debug|Any CPU
		{81E1E464-FF32-479A-81A6-4D838D717CE7}.AppStore|iPhone.Build.0 = Debug|Any CPU
		{81E1E464-FF32-479A-81A6-4D838D717CE7}.AppStore|iPhoneSimulator.ActiveCfg = Debug|Any CPU
		{81E1E464-FF32-479A-81A6-4D838D717CE7}.AppStore|iPhoneSimulator.Build.0 = Debug|Any CPU
		{81E1E464-FF32-479A-81A6-4D838D717CE7}.AppStore|x64.ActiveCfg = Debug|Any CPU
		{81E1E464-FF32-479A-81A6-4D838D717CE7}.AppStore|x64.Build.0 = Debug|Any CPU
		{81E1E464-FF32-479A-81A6-4D838D717CE7}.AppStore|x86.ActiveCfg = Debug|Any CPU
		{81E1E464-FF32-479A-81A6-4D838D717CE7}.AppStore|x86.Build.0 = Debug|Any CPU
		{81E1E464-FF32-479A-81A6-4D838D717CE7}.Debug|Any CPU.ActiveCfg = Debug|Any CPU
		{81E1E464-FF32-479A-81A6-4D838D717CE7}.Debug|Any CPU.Build.0 = Debug|Any CPU
		{81E1E464-FF32-479A-81A6-4D838D717CE7}.Debug|ARM.ActiveCfg = Debug|Any CPU
		{81E1E464-FF32-479A-81A6-4D838D717CE7}.Debug|ARM.Build.0 = Debug|Any CPU
		{81E1E464-FF32-479A-81A6-4D838D717CE7}.Debug|iPhone.ActiveCfg = Debug|Any CPU
		{81E1E464-FF32-479A-81A6-4D838D717CE7}.Debug|iPhone.Build.0 = Debug|Any CPU
		{81E1E464-FF32-479A-81A6-4D838D717CE7}.Debug|iPhoneSimulator.ActiveCfg = Debug|Any CPU
		{81E1E464-FF32-479A-81A6-4D838D717CE7}.Debug|iPhoneSimulator.Build.0 = Debug|Any CPU
		{81E1E464-FF32-479A-81A6-4D838D717CE7}.Debug|x64.ActiveCfg = Debug|Any CPU
		{81E1E464-FF32-479A-81A6-4D838D717CE7}.Debug|x64.Build.0 = Debug|Any CPU
		{81E1E464-FF32-479A-81A6-4D838D717CE7}.Debug|x86.ActiveCfg = Debug|Any CPU
		{81E1E464-FF32-479A-81A6-4D838D717CE7}.Debug|x86.Build.0 = Debug|Any CPU
		{81E1E464-FF32-479A-81A6-4D838D717CE7}.Release|Any CPU.ActiveCfg = Release|Any CPU
		{81E1E464-FF32-479A-81A6-4D838D717CE7}.Release|Any CPU.Build.0 = Release|Any CPU
		{81E1E464-FF32-479A-81A6-4D838D717CE7}.Release|ARM.ActiveCfg = Release|Any CPU
		{81E1E464-FF32-479A-81A6-4D838D717CE7}.Release|ARM.Build.0 = Release|Any CPU
		{81E1E464-FF32-479A-81A6-4D838D717CE7}.Release|iPhone.ActiveCfg = Release|Any CPU
		{81E1E464-FF32-479A-81A6-4D838D717CE7}.Release|iPhone.Build.0 = Release|Any CPU
		{81E1E464-FF32-479A-81A6-4D838D717CE7}.Release|iPhoneSimulator.ActiveCfg = Release|Any CPU
		{81E1E464-FF32-479A-81A6-4D838D717CE7}.Release|iPhoneSimulator.Build.0 = Release|Any CPU
		{81E1E464-FF32-479A-81A6-4D838D717CE7}.Release|x64.ActiveCfg = Release|Any CPU
		{81E1E464-FF32-479A-81A6-4D838D717CE7}.Release|x64.Build.0 = Release|Any CPU
		{81E1E464-FF32-479A-81A6-4D838D717CE7}.Release|x86.ActiveCfg = Release|Any CPU
		{81E1E464-FF32-479A-81A6-4D838D717CE7}.Release|x86.Build.0 = Release|Any CPU
	EndGlobalSection
	GlobalSection(SolutionProperties) = preSolution
		HideSolutionNode = FALSE
	EndGlobalSection
	GlobalSection(ExtensibilityGlobals) = postSolution
		SolutionGuid = {3F76ECED-44C1-45C2-92D1-127E2918F3D7}
	EndGlobalSection
EndGlobal
